
Microsoft Visual Studio Solution File, Format Version 12.00
# Visual Studio Version 17
VisualStudioVersion = 17.11.35312.102
MinimumVisualStudioVersion = 10.0.40219.1
Project("{FAE04EC0-301F-11D3-BF4B-00C04F79EFBC}") = "ProntuarioEletronico", "ProntuarioEletronico\ProntuarioEletronico.csproj", "{A2CDB35A-C20E-4B75-8C1D-1C5688E802FC}"
EndProject
Global
	GlobalSection(SolutionConfigurationPlatforms) = preSolution
		Debug|Any CPU = Debug|Any CPU
		Release|Any CPU = Release|Any CPU
	EndGlobalSection
	GlobalSection(ProjectConfigurationPlatforms) = postSolution
		{A2CDB35A-C20E-4B75-8C1D-1C5688E802FC}.Debug|Any CPU.ActiveCfg = Debug|Any CPU
		{A2CDB35A-C20E-4B75-8C1D-1C5688E802FC}.Debug|Any CPU.Build.0 = Debug|Any CPU
		{A2CDB35A-C20E-4B75-8C1D-1C5688E802FC}.Release|Any CPU.ActiveCfg = Release|Any CPU
		{A2CDB35A-C20E-4B75-8C1D-1C5688E802FC}.Release|Any CPU.Build.0 = Release|Any CPU
	EndGlobalSection
	GlobalSection(SolutionProperties) = preSolution
		HideSolutionNode = FALSE
	EndGlobalSection
	GlobalSection(ExtensibilityGlobals) = postSolution
		SolutionGuid = {71F40111-6A96-4FD3-82F8-E36CAD3DB982}
	EndGlobalSection
EndGlobal
